
Microsoft Visual Studio Solution File, Format Version 12.00
# Visual Studio Version 16
VisualStudioVersion = 16.0.30907.101
MinimumVisualStudioVersion = 10.0.40219.1
Project("{9A19103F-16F7-4668-BE54-9A1E7A4F7556}") = "IssueTracker.Service", "IssueTracker.Service\IssueTracker.Service.csproj", "{BF61E68C-7DF5-4AFB-BD40-E27C5571148C}"
EndProject
Project("{9A19103F-16F7-4668-BE54-9A1E7A4F7556}") = "IssueTracker.EntityFramework", "IssueTracker.EntityFramework\IssueTracker.EntityFramework.csproj", "{947D50F2-56C2-4847-9C1B-FA256DE05784}"
EndProject
Project("{9A19103F-16F7-4668-BE54-9A1E7A4F7556}") = "IssueTracker.Persistance", "IssueTracker.Persistance\IssueTracker.Persistance.csproj", "{7279EA0D-E7AE-4735-B40B-85C664621432}"
EndProject
Project("{FAE04EC0-301F-11D3-BF4B-00C04F79EFBC}") = "IssueTracker.Domain", "IssueTracker.Domain\IssueTracker.Domain.csproj", "{7C0380E6-9329-4740-9DCF-311727D6D868}"
EndProject
Global
	GlobalSection(SolutionConfigurationPlatforms) = preSolution
		Debug|Any CPU = Debug|Any CPU
		Release|Any CPU = Release|Any CPU
	EndGlobalSection
	GlobalSection(ProjectConfigurationPlatforms) = postSolution
		{BF61E68C-7DF5-4AFB-BD40-E27C5571148C}.Debug|Any CPU.ActiveCfg = Debug|Any CPU
		{BF61E68C-7DF5-4AFB-BD40-E27C5571148C}.Debug|Any CPU.Build.0 = Debug|Any CPU
		{BF61E68C-7DF5-4AFB-BD40-E27C5571148C}.Release|Any CPU.ActiveCfg = Release|Any CPU
		{BF61E68C-7DF5-4AFB-BD40-E27C5571148C}.Release|Any CPU.Build.0 = Release|Any CPU
		{947D50F2-56C2-4847-9C1B-FA256DE05784}.Debug|Any CPU.ActiveCfg = Debug|Any CPU
		{947D50F2-56C2-4847-9C1B-FA256DE05784}.Debug|Any CPU.Build.0 = Debug|Any CPU
		{947D50F2-56C2-4847-9C1B-FA256DE05784}.Release|Any CPU.ActiveCfg = Release|Any CPU
		{947D50F2-56C2-4847-9C1B-FA256DE05784}.Release|Any CPU.Build.0 = Release|Any CPU
		{7279EA0D-E7AE-4735-B40B-85C664621432}.Debug|Any CPU.ActiveCfg = Debug|Any CPU
		{7279EA0D-E7AE-4735-B40B-85C664621432}.Debug|Any CPU.Build.0 = Debug|Any CPU
		{7279EA0D-E7AE-4735-B40B-85C664621432}.Release|Any CPU.ActiveCfg = Release|Any CPU
		{7279EA0D-E7AE-4735-B40B-85C664621432}.Release|Any CPU.Build.0 = Release|Any CPU
		{7C0380E6-9329-4740-9DCF-311727D6D868}.Debug|Any CPU.ActiveCfg = Debug|Any CPU
		{7C0380E6-9329-4740-9DCF-311727D6D868}.Debug|Any CPU.Build.0 = Debug|Any CPU
		{7C0380E6-9329-4740-9DCF-311727D6D868}.Release|Any CPU.ActiveCfg = Release|Any CPU
		{7C0380E6-9329-4740-9DCF-311727D6D868}.Release|Any CPU.Build.0 = Release|Any CPU
	EndGlobalSection
	GlobalSection(SolutionProperties) = preSolution
		HideSolutionNode = FALSE
	EndGlobalSection
	GlobalSection(ExtensibilityGlobals) = postSolution
		SolutionGuid = {6B765BA2-CC29-4EAB-AE87-D9A2B23055D8}
	EndGlobalSection
EndGlobal
